{
  "name": "diagnostic-planner-skill",
  "version": "0.1.0",
  "lockfileVersion": 3,
  "requires": true,
  "packages": {
    "": {
      "name": "diagnostic-planner-skill",
      "version": "0.1.0",
      "bin": {
        "diagnostic-sop": "bin/diagnostic-sop.js"
      },
      "engines": {
        "node": ">=18"
      }
    }
  }
}
