{
  "name": "data-insight-visualizer",
  "version": "0.1.0",
  "lockfileVersion": 3,
  "requires": true,
  "packages": {
    "": {
      "name": "data-insight-visualizer",
      "version": "0.1.0",
      "bin": {
        "calculate-metrics": "bin/calculate-metrics.js",
        "render-echarts": "bin/render-echarts.js"
      },
      "engines": {
        "node": ">=18"
      }
    }
  }
}
